
Microsoft Visual Studio Solution File, Format Version 12.00
# Visual Studio Version 17
VisualStudioVersion = 17.0.31903.59
MinimumVisualStudioVersion = 10.0.40219.1
Project("{FAE04EC0-301F-11D3-BF4B-00C04F79EFBC}") = "PublishPackageToNuGet", "PublishPackageToNuGet\PublishPackageToNuGet.csproj", "{4B866320-FE22-42EA-91DA-A8BA69BB7FC6}"
EndProject
Project("{FAE04EC0-301F-11D3-BF4B-00C04F79EFBC}") = "PublishPackageToNuGet2015", "PublishPackageToNuGet2015\PublishPackageToNuGet2015.csproj", "{AF3AB2E8-6D52-4C92-B6B0-947E3C1D7C7A}"
EndProject
Project("{FAE04EC0-301F-11D3-BF4B-00C04F79EFBC}") = "PublishPackageToNuGet2017", "PublishPackageToNuGet2017\PublishPackageToNuGet2017.csproj", "{DEC75700-7F15-4BAA-A39A-6DA310B124F5}"
EndProject
Project("{FAE04EC0-301F-11D3-BF4B-00C04F79EFBC}") = "PublishPackageToNuGet2022", "PublishPackageToNuGet2022\PublishPackageToNuGet2022.csproj", "{B0AC328D-C7B2-49F3-AC24-F3302BB1EDCA}"
EndProject
Global
	GlobalSection(SolutionConfigurationPlatforms) = preSolution
		Debug|Any CPU = Debug|Any CPU
		Debug|x86 = Debug|x86
		Release|Any CPU = Release|Any CPU
		Release|x86 = Release|x86
	EndGlobalSection
	GlobalSection(ProjectConfigurationPlatforms) = postSolution
		{4B866320-FE22-42EA-91DA-A8BA69BB7FC6}.Debug|Any CPU.ActiveCfg = Debug|Any CPU
		{4B866320-FE22-42EA-91DA-A8BA69BB7FC6}.Debug|Any CPU.Build.0 = Debug|Any CPU
		{4B866320-FE22-42EA-91DA-A8BA69BB7FC6}.Debug|x86.ActiveCfg = Debug|Any CPU
		{4B866320-FE22-42EA-91DA-A8BA69BB7FC6}.Release|Any CPU.ActiveCfg = Release|Any CPU
		{4B866320-FE22-42EA-91DA-A8BA69BB7FC6}.Release|Any CPU.Build.0 = Release|Any CPU
		{4B866320-FE22-42EA-91DA-A8BA69BB7FC6}.Release|x86.ActiveCfg = Release|Any CPU
		{AF3AB2E8-6D52-4C92-B6B0-947E3C1D7C7A}.Debug|Any CPU.ActiveCfg = Debug|Any CPU
		{AF3AB2E8-6D52-4C92-B6B0-947E3C1D7C7A}.Debug|Any CPU.Build.0 = Debug|Any CPU
		{AF3AB2E8-6D52-4C92-B6B0-947E3C1D7C7A}.Debug|x86.ActiveCfg = Debug|Any CPU
		{AF3AB2E8-6D52-4C92-B6B0-947E3C1D7C7A}.Release|Any CPU.ActiveCfg = Release|Any CPU
		{AF3AB2E8-6D52-4C92-B6B0-947E3C1D7C7A}.Release|Any CPU.Build.0 = Release|Any CPU
		{AF3AB2E8-6D52-4C92-B6B0-947E3C1D7C7A}.Release|x86.ActiveCfg = Release|Any CPU
		{DEC75700-7F15-4BAA-A39A-6DA310B124F5}.Debug|Any CPU.ActiveCfg = Debug|Any CPU
		{DEC75700-7F15-4BAA-A39A-6DA310B124F5}.Debug|Any CPU.Build.0 = Debug|Any CPU
		{DEC75700-7F15-4BAA-A39A-6DA310B124F5}.Debug|x86.ActiveCfg = Debug|x86
		{DEC75700-7F15-4BAA-A39A-6DA310B124F5}.Release|Any CPU.ActiveCfg = Release|Any CPU
		{DEC75700-7F15-4BAA-A39A-6DA310B124F5}.Release|Any CPU.Build.0 = Release|Any CPU
		{DEC75700-7F15-4BAA-A39A-6DA310B124F5}.Release|x86.ActiveCfg = Release|x86
		{B0AC328D-C7B2-49F3-AC24-F3302BB1EDCA}.Debug|Any CPU.ActiveCfg = Debug|Any CPU
		{B0AC328D-C7B2-49F3-AC24-F3302BB1EDCA}.Debug|Any CPU.Build.0 = Debug|Any CPU
		{B0AC328D-C7B2-49F3-AC24-F3302BB1EDCA}.Debug|x86.ActiveCfg = Debug|x86
		{B0AC328D-C7B2-49F3-AC24-F3302BB1EDCA}.Debug|x86.Build.0 = Debug|x86
		{B0AC328D-C7B2-49F3-AC24-F3302BB1EDCA}.Release|Any CPU.ActiveCfg = Release|Any CPU
		{B0AC328D-C7B2-49F3-AC24-F3302BB1EDCA}.Release|Any CPU.Build.0 = Release|Any CPU
		{B0AC328D-C7B2-49F3-AC24-F3302BB1EDCA}.Release|x86.ActiveCfg = Release|x86
		{B0AC328D-C7B2-49F3-AC24-F3302BB1EDCA}.Release|x86.Build.0 = Release|x86
	EndGlobalSection
	GlobalSection(SolutionProperties) = preSolution
		HideSolutionNode = FALSE
	EndGlobalSection
	GlobalSection(ExtensibilityGlobals) = postSolution
		SolutionGuid = {A7B96BF1-5EE6-47C3-8701-F745F3227815}
	EndGlobalSection
EndGlobal
